
Microsoft Visual Studio Solution File, Format Version 12.00
# Visual Studio Version 17
VisualStudioVersion = 17.8.34330.188
MinimumVisualStudioVersion = 10.0.40219.1
Project("{FAE04EC0-301F-11D3-BF4B-00C04F79EFBC}") = "SMNK Lab 13 OOP", "SMNK Lab 13 OOP\SMNK Lab 13 OOP.csproj", "{2F345E9E-BCCC-4B0D-90AE-8D00FDD9880C}"
EndProject
Global
	GlobalSection(SolutionConfigurationPlatforms) = preSolution
		Debug|Any CPU = Debug|Any CPU
		Release|Any CPU = Release|Any CPU
	EndGlobalSection
	GlobalSection(ProjectConfigurationPlatforms) = postSolution
		{2F345E9E-BCCC-4B0D-90AE-8D00FDD9880C}.Debug|Any CPU.ActiveCfg = Debug|Any CPU
		{2F345E9E-BCCC-4B0D-90AE-8D00FDD9880C}.Debug|Any CPU.Build.0 = Debug|Any CPU
		{2F345E9E-BCCC-4B0D-90AE-8D00FDD9880C}.Release|Any CPU.ActiveCfg = Release|Any CPU
		{2F345E9E-BCCC-4B0D-90AE-8D00FDD9880C}.Release|Any CPU.Build.0 = Release|Any CPU
	EndGlobalSection
	GlobalSection(SolutionProperties) = preSolution
		HideSolutionNode = FALSE
	EndGlobalSection
	GlobalSection(ExtensibilityGlobals) = postSolution
		SolutionGuid = {0D3E52C2-9EF5-4D71-A721-43D5C0A117EA}
	EndGlobalSection
EndGlobal
